{
  "version": 4,
  "terraform_version": "1.13.5",
  "serial": 22,
  "lineage": "9aeb18d3-aa84-26e2-b4f4-b3f8512d43a4",
  "outputs": {
    "artifact_registry_repo": {
      "value": "europe-west2-docker.pkg.dev/cofound-agents-os-788e/sentinel-repo",
      "type": "string"
    },
    "bucket_name": {
      "value": "sentinel-growth-artifacts",
      "type": "string"
    },
    "service_account_email": {
      "value": "sentinel-growth-sa@cofound-agents-os-788e.iam.gserviceaccount.com",
      "type": "string"
    },
    "service_url": {
      "value": null,
      "type": "string"
    }
  },
  "resources": [
    {
      "mode": "managed",
      "type": "google_artifact_registry_repository",
      "name": "sentinel_repo",
      "provider": "provider[\"registry.terraform.io/hashicorp/google\"]",
      "instances": [
        {
          "schema_version": 0,
          "attributes": {
            "cleanup_policies": [],
            "cleanup_policy_dry_run": false,
            "create_time": "2026-01-07T12:34:38.118898Z",
            "description": "Docker repository for Sentinel Growth",
            "docker_config": [],
            "effective_labels": {
              "goog-terraform-provisioned": "true"
            },
            "format": "DOCKER",
            "id": "projects/cofound-agents-os-788e/locations/europe-west2/repositories/sentinel-repo",
            "kms_key_name": "",
            "labels": null,
            "location": "europe-west2",
            "maven_config": [],
            "mode": "STANDARD_REPOSITORY",
            "name": "sentinel-repo",
            "project": "cofound-agents-os-788e",
            "registry_uri": "europe-west2-docker.pkg.dev/cofound-agents-os-788e/sentinel-repo",
            "remote_repository_config": [],
            "repository_id": "sentinel-repo",
            "terraform_labels": {
              "goog-terraform-provisioned": "true"
            },
            "timeouts": null,
            "update_time": "2026-01-07T12:34:38.118898Z",
            "virtual_repository_config": [],
            "vulnerability_scanning_config": [
              {
                "enablement_config": "",
                "enablement_state": "SCANNING_DISABLED",
                "enablement_state_reason": "API containerscanning.googleapis.com is not enabled."
              }
            ]
          },
          "sensitive_attributes": [],
          "identity_schema_version": 0,
          "private": "eyJlMmJmYjczMC1lY2FhLTExZTYtOGY4OC0zNDM2M2JjN2M0YzAiOnsiY3JlYXRlIjoxMjAwMDAwMDAwMDAwLCJkZWxldGUiOjEyMDAwMDAwMDAwMDAsInVwZGF0ZSI6MTIwMDAwMDAwMDAwMH19"
        }
      ]
    },
    {
      "mode": "managed",
      "type": "google_logging_project_bucket_config",
      "name": "default_log_bucket",
      "provider": "provider[\"registry.terraform.io/hashicorp/google\"]",
      "instances": [
        {
          "schema_version": 0,
          "attributes": {
            "bucket_id": "_Default",
            "cmek_settings": [],
            "description": "Default bucket",
            "enable_analytics": false,
            "id": "projects/cofound-agents-os-788e/locations/global/buckets/_Default",
            "index_configs": [],
            "lifecycle_state": "ACTIVE",
            "location": "global",
            "locked": false,
            "name": "projects/cofound-agents-os-788e/locations/global/buckets/_Default",
            "project": "cofound-agents-os-788e",
            "retention_days": 365
          },
          "sensitive_attributes": [],
          "identity_schema_version": 0,
          "private": "bnVsbA=="
        }
      ]
    },
    {
      "mode": "managed",
      "type": "google_project_iam_member",
      "name": "sa_ai_user",
      "provider": "provider[\"registry.terraform.io/hashicorp/google\"]",
      "instances": [
        {
          "schema_version": 0,
          "attributes": {
            "condition": [],
            "etag": "BwZHy4T2rLk=",
            "id": "cofound-agents-os-788e/roles/aiplatform.user/serviceAccount:sentinel-growth-sa@cofound-agents-os-788e.iam.gserviceaccount.com",
            "member": "serviceAccount:sentinel-growth-sa@cofound-agents-os-788e.iam.gserviceaccount.com",
            "project": "cofound-agents-os-788e",
            "role": "roles/aiplatform.user"
          },
          "sensitive_attributes": [],
          "identity_schema_version": 0,
          "private": "bnVsbA==",
          "dependencies": [
            "google_service_account.sentinel_sa"
          ]
        }
      ]
    },
    {
      "mode": "managed",
      "type": "google_project_iam_member",
      "name": "sa_firestore_user",
      "provider": "provider[\"registry.terraform.io/hashicorp/google\"]",
      "instances": [
        {
          "schema_version": 0,
          "attributes": {
            "condition": [],
            "etag": "BwZHy4T2rLk=",
            "id": "cofound-agents-os-788e/roles/datastore.user/serviceAccount:sentinel-growth-sa@cofound-agents-os-788e.iam.gserviceaccount.com",
            "member": "serviceAccount:sentinel-growth-sa@cofound-agents-os-788e.iam.gserviceaccount.com",
            "project": "cofound-agents-os-788e",
            "role": "roles/datastore.user"
          },
          "sensitive_attributes": [],
          "identity_schema_version": 0,
          "private": "bnVsbA==",
          "dependencies": [
            "google_service_account.sentinel_sa"
          ]
        }
      ]
    },
    {
      "mode": "managed",
      "type": "google_project_iam_member",
      "name": "sa_run_invoker",
      "provider": "provider[\"registry.terraform.io/hashicorp/google\"]",
      "instances": [
        {
          "schema_version": 0,
          "attributes": {
            "condition": [],
            "etag": "BwZHy4T2rLk=",
            "id": "cofound-agents-os-788e/roles/run.invoker/serviceAccount:sentinel-growth-sa@cofound-agents-os-788e.iam.gserviceaccount.com",
            "member": "serviceAccount:sentinel-growth-sa@cofound-agents-os-788e.iam.gserviceaccount.com",
            "project": "cofound-agents-os-788e",
            "role": "roles/run.invoker"
          },
          "sensitive_attributes": [],
          "identity_schema_version": 0,
          "private": "bnVsbA==",
          "dependencies": [
            "google_service_account.sentinel_sa"
          ]
        }
      ]
    },
    {
      "mode": "managed",
      "type": "google_project_iam_member",
      "name": "sa_secret_accessor",
      "provider": "provider[\"registry.terraform.io/hashicorp/google\"]",
      "instances": [
        {
          "schema_version": 0,
          "attributes": {
            "condition": [],
            "etag": "BwZHy4T2rLk=",
            "id": "cofound-agents-os-788e/roles/secretmanager.secretAccessor/serviceAccount:sentinel-growth-sa@cofound-agents-os-788e.iam.gserviceaccount.com",
            "member": "serviceAccount:sentinel-growth-sa@cofound-agents-os-788e.iam.gserviceaccount.com",
            "project": "cofound-agents-os-788e",
            "role": "roles/secretmanager.secretAccessor"
          },
          "sensitive_attributes": [],
          "identity_schema_version": 0,
          "private": "bnVsbA==",
          "dependencies": [
            "google_service_account.sentinel_sa"
          ]
        }
      ]
    },
    {
      "mode": "managed",
      "type": "google_project_iam_member",
      "name": "sa_token_creator",
      "provider": "provider[\"registry.terraform.io/hashicorp/google\"]",
      "instances": [
        {
          "schema_version": 0,
          "attributes": {
            "condition": [],
            "etag": "BwZHy4T2rLk=",
            "id": "cofound-agents-os-788e/roles/iam.serviceAccountTokenCreator/serviceAccount:sentinel-growth-sa@cofound-agents-os-788e.iam.gserviceaccount.com",
            "member": "serviceAccount:sentinel-growth-sa@cofound-agents-os-788e.iam.gserviceaccount.com",
            "project": "cofound-agents-os-788e",
            "role": "roles/iam.serviceAccountTokenCreator"
          },
          "sensitive_attributes": [],
          "identity_schema_version": 0,
          "private": "bnVsbA==",
          "dependencies": [
            "google_service_account.sentinel_sa"
          ]
        }
      ]
    },
    {
      "mode": "managed",
      "type": "google_project_service",
      "name": "scheduler",
      "provider": "provider[\"registry.terraform.io/hashicorp/google\"]",
      "instances": [
        {
          "schema_version": 0,
          "attributes": {
            "disable_dependent_services": null,
            "disable_on_destroy": false,
            "id": "cofound-agents-os-788e/cloudscheduler.googleapis.com",
            "project": "cofound-agents-os-788e",
            "service": "cloudscheduler.googleapis.com",
            "timeouts": null
          },
          "sensitive_attributes": [],
          "identity_schema_version": 0,
          "private": "eyJlMmJmYjczMC1lY2FhLTExZTYtOGY4OC0zNDM2M2JjN2M0YzAiOnsiY3JlYXRlIjoxMjAwMDAwMDAwMDAwLCJkZWxldGUiOjEyMDAwMDAwMDAwMDAsInJlYWQiOjYwMDAwMDAwMDAwMCwidXBkYXRlIjoxMjAwMDAwMDAwMDAwfX0="
        }
      ]
    },
    {
      "mode": "managed",
      "type": "google_service_account",
      "name": "sentinel_sa",
      "provider": "provider[\"registry.terraform.io/hashicorp/google\"]",
      "instances": [
        {
          "schema_version": 0,
          "attributes": {
            "account_id": "sentinel-growth-sa",
            "create_ignore_already_exists": null,
            "description": "",
            "disabled": false,
            "display_name": "Service Account for Sentinel Growth Service",
            "email": "sentinel-growth-sa@cofound-agents-os-788e.iam.gserviceaccount.com",
            "id": "projects/cofound-agents-os-788e/serviceAccounts/sentinel-growth-sa@cofound-agents-os-788e.iam.gserviceaccount.com",
            "member": "serviceAccount:sentinel-growth-sa@cofound-agents-os-788e.iam.gserviceaccount.com",
            "name": "projects/cofound-agents-os-788e/serviceAccounts/sentinel-growth-sa@cofound-agents-os-788e.iam.gserviceaccount.com",
            "project": "cofound-agents-os-788e",
            "timeouts": null,
            "unique_id": "116091805359977778057"
          },
          "sensitive_attributes": [],
          "identity_schema_version": 0,
          "private": "eyJlMmJmYjczMC1lY2FhLTExZTYtOGY4OC0zNDM2M2JjN2M0YzAiOnsiY3JlYXRlIjozMDAwMDAwMDAwMDB9fQ=="
        }
      ]
    },
    {
      "mode": "managed",
      "type": "google_storage_bucket",
      "name": "vault",
      "provider": "provider[\"registry.terraform.io/hashicorp/google\"]",
      "instances": [
        {
          "schema_version": 4,
          "attributes": {
            "autoclass": [],
            "cors": [],
            "custom_placement_config": [],
            "default_event_based_hold": false,
            "effective_labels": {},
            "enable_object_retention": false,
            "encryption": [],
            "force_destroy": false,
            "hierarchical_namespace": [
              {
                "enabled": false
              }
            ],
            "id": "sentinel-growth-artifacts",
            "ip_filter": [],
            "labels": {},
            "lifecycle_rule": [],
            "location": "EUROPE-WEST2",
            "logging": [],
            "name": "sentinel-growth-artifacts",
            "project": "cofound-agents-os-788e",
            "project_number": 1005792944830,
            "public_access_prevention": "inherited",
            "requester_pays": false,
            "retention_policy": [],
            "rpo": null,
            "self_link": "https://www.googleapis.com/storage/v1/b/sentinel-growth-artifacts",
            "soft_delete_policy": [
              {
                "effective_time": "2025-12-04T18:57:36.669Z",
                "retention_duration_seconds": 604800
              }
            ],
            "storage_class": "STANDARD",
            "terraform_labels": {},
            "time_created": "2025-12-04T18:57:36.669Z",
            "timeouts": null,
            "uniform_bucket_level_access": true,
            "updated": "2025-12-04T18:58:44.050Z",
            "url": "gs://sentinel-growth-artifacts",
            "versioning": [],
            "website": []
          },
          "sensitive_attributes": [],
          "identity_schema_version": 0,
          "private": "eyJlMmJmYjczMC1lY2FhLTExZTYtOGY4OC0zNDM2M2JjN2M0YzAiOnsiY3JlYXRlIjo2MDAwMDAwMDAwMDAsInJlYWQiOjI0MDAwMDAwMDAwMCwidXBkYXRlIjoyNDAwMDAwMDAwMDB9LCJzY2hlbWFfdmVyc2lvbiI6IjQifQ=="
        }
      ]
    }
  ],
  "check_results": null
}
